
Microsoft Visual Studio Solution File, Format Version 12.00
# Visual Studio Version 17
VisualStudioVersion = 17.5.33530.505
MinimumVisualStudioVersion = 10.0.40219.1
Project("{9A19103F-16F7-4668-BE54-9A1E7A4F7556}") = "BlogEngine.Web", "src\BlogEngine.Web\BlogEngine.Web.csproj", "{2E5CDAF0-2EE1-479B-9CE3-A33C6FDC409E}"
EndProject
Project("{2150E333-8FDC-42A3-9474-1A3956D46DE8}") = "Solution items", "Solution items", "{80D16CF9-93CD-4A28-88E3-605459E6C42A}"
	ProjectSection(SolutionItems) = preProject
		.editorconfig = .editorconfig
		.gitattributes = .gitattributes
		.gitignore = .gitignore
	EndProjectSection
EndProject
Project("{FAE04EC0-301F-11D3-BF4B-00C04F79EFBC}") = "BlogEngine.DataSource", "src\BlogEngine.DataSource\BlogEngine.DataSource.csproj", "{4C368FF2-1FA8-4B86-B644-3BC10099BD01}"
EndProject
Project("{FAE04EC0-301F-11D3-BF4B-00C04F79EFBC}") = "BlogEngine.Tests", "test\BlogEngine.Tests\BlogEngine.Tests.csproj", "{A6337612-BF86-43ED-AE55-157CE18072B3}"
EndProject
Project("{2150E333-8FDC-42A3-9474-1A3956D46DE8}") = "test", "test", "{633631A5-4044-4798-A9DC-113386F28488}"
EndProject
Global
	GlobalSection(SolutionConfigurationPlatforms) = preSolution
		Debug|Any CPU = Debug|Any CPU
		Release|Any CPU = Release|Any CPU
	EndGlobalSection
	GlobalSection(ProjectConfigurationPlatforms) = postSolution
		{2E5CDAF0-2EE1-479B-9CE3-A33C6FDC409E}.Debug|Any CPU.ActiveCfg = Debug|Any CPU
		{2E5CDAF0-2EE1-479B-9CE3-A33C6FDC409E}.Debug|Any CPU.Build.0 = Debug|Any CPU
		{2E5CDAF0-2EE1-479B-9CE3-A33C6FDC409E}.Release|Any CPU.ActiveCfg = Release|Any CPU
		{2E5CDAF0-2EE1-479B-9CE3-A33C6FDC409E}.Release|Any CPU.Build.0 = Release|Any CPU
		{4C368FF2-1FA8-4B86-B644-3BC10099BD01}.Debug|Any CPU.ActiveCfg = Debug|Any CPU
		{4C368FF2-1FA8-4B86-B644-3BC10099BD01}.Debug|Any CPU.Build.0 = Debug|Any CPU
		{4C368FF2-1FA8-4B86-B644-3BC10099BD01}.Release|Any CPU.ActiveCfg = Release|Any CPU
		{4C368FF2-1FA8-4B86-B644-3BC10099BD01}.Release|Any CPU.Build.0 = Release|Any CPU
		{A6337612-BF86-43ED-AE55-157CE18072B3}.Debug|Any CPU.ActiveCfg = Debug|Any CPU
		{A6337612-BF86-43ED-AE55-157CE18072B3}.Debug|Any CPU.Build.0 = Debug|Any CPU
		{A6337612-BF86-43ED-AE55-157CE18072B3}.Release|Any CPU.ActiveCfg = Release|Any CPU
		{A6337612-BF86-43ED-AE55-157CE18072B3}.Release|Any CPU.Build.0 = Release|Any CPU
	EndGlobalSection
	GlobalSection(SolutionProperties) = preSolution
		HideSolutionNode = FALSE
	EndGlobalSection
	GlobalSection(NestedProjects) = preSolution
		{A6337612-BF86-43ED-AE55-157CE18072B3} = {633631A5-4044-4798-A9DC-113386F28488}
	EndGlobalSection
	GlobalSection(ExtensibilityGlobals) = postSolution
		SolutionGuid = {A3717730-F665-4724-96A3-D0508FEB2D72}
	EndGlobalSection
EndGlobal
